{
    "version": 3,
    "terraform_version": "0.11.5",
    "serial": 2,
    "lineage": "86c0c811-8326-909e-64d1-cb8b75314be1",
    "modules": [
        {
            "path": [
                "root"
            ],
            "outputs": {
                "Bucket Name": {
                    "sensitive": false,
                    "type": "string",
                    "value": "la-terraform-46723"
                }
            },
            "resources": {},
            "depends_on": []
        },
        {
            "path": [
                "root",
                "storage"
            ],
            "outputs": {
                "bucketname": {
                    "sensitive": false,
                    "type": "string",
                    "value": "la-terraform-46723"
                }
            },
            "resources": {
                "aws_s3_bucket.tf_code": {
                    "type": "aws_s3_bucket",
                    "depends_on": [
                        "random_id.tf_bucket_id"
                    ],
                    "primary": {
                        "id": "la-terraform-46723",
                        "attributes": {
                            "acceleration_status": "",
                            "acl": "private",
                            "arn": "arn:aws:s3:::la-terraform-46723",
                            "bucket": "la-terraform-46723",
                            "bucket_domain_name": "la-terraform-46723.s3.amazonaws.com",
                            "bucket_regional_domain_name": "la-terraform-46723.s3.eu-central-1.amazonaws.com",
                            "cors_rule.#": "0",
                            "force_destroy": "true",
                            "hosted_zone_id": "Z21DNDUVLTQW6Q",
                            "id": "la-terraform-46723",
                            "lifecycle_rule.#": "0",
                            "logging.#": "0",
                            "region": "eu-central-1",
                            "replication_configuration.#": "0",
                            "request_payer": "BucketOwner",
                            "server_side_encryption_configuration.#": "0",
                            "tags.%": "2",
                            "tags.Name": "tf_bucket",
                            "tags.oEnvironment": "Stu_Test",
                            "versioning.#": "1",
                            "versioning.0.enabled": "false",
                            "versioning.0.mfa_delete": "false",
                            "website.#": "0"
                        },
                        "meta": {},
                        "tainted": false
                    },
                    "deposed": [],
                    "provider": "provider.aws"
                },
                "random_id.tf_bucket_id": {
                    "type": "random_id",
                    "depends_on": [],
                    "primary": {
                        "id": "toM",
                        "attributes": {
                            "b64": "toM",
                            "b64_std": "toM=",
                            "b64_url": "toM",
                            "byte_length": "2",
                            "dec": "46723",
                            "hex": "b683",
                            "id": "toM"
                        },
                        "meta": {},
                        "tainted": false
                    },
                    "deposed": [],
                    "provider": "provider.random"
                }
            },
            "depends_on": []
        }
    ]
}
