{
    "version": 3,
    "terraform_version": "0.11.5",
    "serial": 4,
    "lineage": "88d817d6-5481-e010-9b51-032801dd667e",
    "modules": [
        {
            "path": [
                "root"
            ],
            "outputs": {},
            "resources": {
                "aws_internet_gateway.tf_internet_gateway": {
                    "type": "aws_internet_gateway",
                    "depends_on": [
                        "aws_vpc.tf_vpc"
                    ],
                    "primary": {
                        "id": "igw-061c9c9c604c01ae0",
                        "attributes": {
                            "id": "igw-061c9c9c604c01ae0",
                            "owner_id": "998848940913",
                            "tags.%": "2",
                            "tags.Name": "tf_igw",
                            "tags.oEnvironment": "Stu_Test",
                            "vpc_id": "vpc-0f627890f0f1991fc"
                        },
                        "meta": {},
                        "tainted": false
                    },
                    "deposed": [],
                    "provider": "provider.aws"
                },
                "aws_route_table.tf_public_rt": {
                    "type": "aws_route_table",
                    "depends_on": [
                        "aws_internet_gateway.tf_internet_gateway",
                        "aws_vpc.tf_vpc"
                    ],
                    "primary": {
                        "id": "rtb-02e70de19129b9497",
                        "attributes": {
                            "id": "rtb-02e70de19129b9497",
                            "owner_id": "998848940913",
                            "propagating_vgws.#": "0",
                            "route.#": "1",
                            "route.3013086541.cidr_block": "0.0.0.0/0",
                            "route.3013086541.egress_only_gateway_id": "",
                            "route.3013086541.gateway_id": "igw-061c9c9c604c01ae0",
                            "route.3013086541.instance_id": "",
                            "route.3013086541.ipv6_cidr_block": "",
                            "route.3013086541.nat_gateway_id": "",
                            "route.3013086541.network_interface_id": "",
                            "route.3013086541.transit_gateway_id": "",
                            "route.3013086541.vpc_peering_connection_id": "",
                            "tags.%": "2",
                            "tags.Name": "tf_public_route",
                            "tags.oEnvironment": "Stu_Test",
                            "vpc_id": "vpc-0f627890f0f1991fc"
                        },
                        "meta": {},
                        "tainted": false
                    },
                    "deposed": [],
                    "provider": "provider.aws"
                },
                "aws_vpc.tf_vpc": {
                    "type": "aws_vpc",
                    "depends_on": [],
                    "primary": {
                        "id": "vpc-0f627890f0f1991fc",
                        "attributes": {
                            "arn": "arn:aws:ec2:eu-central-1:998848940913:vpc/vpc-0f627890f0f1991fc",
                            "assign_generated_ipv6_cidr_block": "false",
                            "cidr_block": "172.123.0.0/16",
                            "default_network_acl_id": "acl-07f67fa3beec80527",
                            "default_route_table_id": "rtb-0ae2d40623d22005b",
                            "default_security_group_id": "sg-0971d0923e65e4f14",
                            "dhcp_options_id": "dopt-1741f47c",
                            "enable_dns_hostnames": "true",
                            "enable_dns_support": "true",
                            "id": "vpc-0f627890f0f1991fc",
                            "instance_tenancy": "default",
                            "ipv6_association_id": "",
                            "ipv6_cidr_block": "",
                            "main_route_table_id": "rtb-0ae2d40623d22005b",
                            "owner_id": "998848940913",
                            "tags.%": "1",
                            "tags.Name": "Stu_Test"
                        },
                        "meta": {
                            "schema_version": "1"
                        },
                        "tainted": false
                    },
                    "deposed": [],
                    "provider": "provider.aws"
                },
                "data.aws_availability_zones.available": {
                    "type": "aws_availability_zones",
                    "depends_on": [],
                    "primary": {
                        "id": "2018-12-20 22:34:00.2796149 +0000 UTC",
                        "attributes": {
                            "id": "2018-12-20 22:34:00.2796149 +0000 UTC",
                            "names.#": "3",
                            "names.0": "eu-central-1a",
                            "names.1": "eu-central-1b",
                            "names.2": "eu-central-1c",
                            "zone_ids.#": "3",
                            "zone_ids.0": "euc1-az2",
                            "zone_ids.1": "euc1-az3",
                            "zone_ids.2": "euc1-az1"
                        },
                        "meta": {},
                        "tainted": false
                    },
                    "deposed": [],
                    "provider": "provider.aws"
                }
            },
            "depends_on": []
        }
    ]
}
